
Microsoft Visual Studio Solution File, Format Version 12.00
# Visual Studio Version 17
VisualStudioVersion = 17.14.36623.8
MinimumVisualStudioVersion = 10.0.40219.1
Project("{FAE04EC0-301F-11D3-BF4B-00C04F79EFBC}") = "GregHarnach-starWars-CodingExercise", "GregHarnach-starWars-CodingExercise\GregHarnach-starWars-CodingExercise.csproj", "{11DDF714-3F84-4177-8D5A-656E0181FBA5}"
EndProject
Project("{FAE04EC0-301F-11D3-BF4B-00C04F79EFBC}") = "GregHarnach_starWars_CodingExercise.Tests", "GregHarnach_starWars_CodingExercise.Tests\GregHarnach_starWars_CodingExercise.Tests.csproj", "{06630B2C-49BB-47CB-BEA8-B09D5394A255}"
EndProject
Global
	GlobalSection(SolutionConfigurationPlatforms) = preSolution
		Debug|Any CPU = Debug|Any CPU
		Release|Any CPU = Release|Any CPU
	EndGlobalSection
	GlobalSection(ProjectConfigurationPlatforms) = postSolution
		{11DDF714-3F84-4177-8D5A-656E0181FBA5}.Debug|Any CPU.ActiveCfg = Debug|Any CPU
		{11DDF714-3F84-4177-8D5A-656E0181FBA5}.Debug|Any CPU.Build.0 = Debug|Any CPU
		{11DDF714-3F84-4177-8D5A-656E0181FBA5}.Release|Any CPU.ActiveCfg = Release|Any CPU
		{11DDF714-3F84-4177-8D5A-656E0181FBA5}.Release|Any CPU.Build.0 = Release|Any CPU
		{06630B2C-49BB-47CB-BEA8-B09D5394A255}.Debug|Any CPU.ActiveCfg = Debug|Any CPU
		{06630B2C-49BB-47CB-BEA8-B09D5394A255}.Debug|Any CPU.Build.0 = Debug|Any CPU
		{06630B2C-49BB-47CB-BEA8-B09D5394A255}.Release|Any CPU.ActiveCfg = Release|Any CPU
		{06630B2C-49BB-47CB-BEA8-B09D5394A255}.Release|Any CPU.Build.0 = Release|Any CPU
	EndGlobalSection
	GlobalSection(SolutionProperties) = preSolution
		HideSolutionNode = FALSE
	EndGlobalSection
	GlobalSection(ExtensibilityGlobals) = postSolution
		SolutionGuid = {9990289F-2FF0-493C-AF27-609B1891059E}
	EndGlobalSection
EndGlobal
